
Microsoft Visual Studio Solution File, Format Version 12.00
# Visual Studio Version 16
VisualStudioVersion = 16.0.32002.261
MinimumVisualStudioVersion = 10.0.40219.1
Project("{FAE04EC0-301F-11D3-BF4B-00C04F79EFBC}") = "miniatm", "miniatm\miniatm.csproj", "{C32AE43D-28D4-47C6-9E7D-D0D944B82A56}"
EndProject
Project("{FAE04EC0-301F-11D3-BF4B-00C04F79EFBC}") = "miniatm2", "miniatm2\miniatm2.csproj", "{B32E67BF-146A-476D-B6B3-FE7B1AE1964C}"
EndProject
Project("{FAE04EC0-301F-11D3-BF4B-00C04F79EFBC}") = "ufaknotlar", "ufaknotlar\ufaknotlar.csproj", "{143BE28F-FDB6-4CAB-96D6-334A64857AC6}"
EndProject
Global
	GlobalSection(SolutionConfigurationPlatforms) = preSolution
		Debug|Any CPU = Debug|Any CPU
		Release|Any CPU = Release|Any CPU
	EndGlobalSection
	GlobalSection(ProjectConfigurationPlatforms) = postSolution
		{C32AE43D-28D4-47C6-9E7D-D0D944B82A56}.Debug|Any CPU.ActiveCfg = Debug|Any CPU
		{C32AE43D-28D4-47C6-9E7D-D0D944B82A56}.Debug|Any CPU.Build.0 = Debug|Any CPU
		{C32AE43D-28D4-47C6-9E7D-D0D944B82A56}.Release|Any CPU.ActiveCfg = Release|Any CPU
		{C32AE43D-28D4-47C6-9E7D-D0D944B82A56}.Release|Any CPU.Build.0 = Release|Any CPU
		{B32E67BF-146A-476D-B6B3-FE7B1AE1964C}.Debug|Any CPU.ActiveCfg = Debug|Any CPU
		{B32E67BF-146A-476D-B6B3-FE7B1AE1964C}.Debug|Any CPU.Build.0 = Debug|Any CPU
		{B32E67BF-146A-476D-B6B3-FE7B1AE1964C}.Release|Any CPU.ActiveCfg = Release|Any CPU
		{B32E67BF-146A-476D-B6B3-FE7B1AE1964C}.Release|Any CPU.Build.0 = Release|Any CPU
		{143BE28F-FDB6-4CAB-96D6-334A64857AC6}.Debug|Any CPU.ActiveCfg = Debug|Any CPU
		{143BE28F-FDB6-4CAB-96D6-334A64857AC6}.Debug|Any CPU.Build.0 = Debug|Any CPU
		{143BE28F-FDB6-4CAB-96D6-334A64857AC6}.Release|Any CPU.ActiveCfg = Release|Any CPU
		{143BE28F-FDB6-4CAB-96D6-334A64857AC6}.Release|Any CPU.Build.0 = Release|Any CPU
	EndGlobalSection
	GlobalSection(SolutionProperties) = preSolution
		HideSolutionNode = FALSE
	EndGlobalSection
	GlobalSection(ExtensibilityGlobals) = postSolution
		SolutionGuid = {6CF36E4D-7A44-4230-8F56-E7A1A525BC13}
	EndGlobalSection
EndGlobal
